
Microsoft Visual Studio Solution File, Format Version 12.00
# Visual Studio Version 16
VisualStudioVersion = 16.0.31313.79
MinimumVisualStudioVersion = 10.0.40219.1
Project("{FAE04EC0-301F-11D3-BF4B-00C04F79EFBC}") = "UltrahapticsShapes", "UltrahapticsShapes\UltrahapticsShapes.csproj", "{E936AF3C-622A-4633-A609-B8C7AFDC23C3}"
EndProject
Global
	GlobalSection(SolutionConfigurationPlatforms) = preSolution
		Debug|Any CPU = Debug|Any CPU
		Debug|x64 = Debug|x64
		Release|Any CPU = Release|Any CPU
		Release|x64 = Release|x64
	EndGlobalSection
	GlobalSection(ProjectConfigurationPlatforms) = postSolution
		{E936AF3C-622A-4633-A609-B8C7AFDC23C3}.Debug|Any CPU.ActiveCfg = Debug|Any CPU
		{E936AF3C-622A-4633-A609-B8C7AFDC23C3}.Debug|Any CPU.Build.0 = Debug|Any CPU
		{E936AF3C-622A-4633-A609-B8C7AFDC23C3}.Debug|x64.ActiveCfg = Debug|x64
		{E936AF3C-622A-4633-A609-B8C7AFDC23C3}.Debug|x64.Build.0 = Debug|x64
		{E936AF3C-622A-4633-A609-B8C7AFDC23C3}.Release|Any CPU.ActiveCfg = Release|Any CPU
		{E936AF3C-622A-4633-A609-B8C7AFDC23C3}.Release|Any CPU.Build.0 = Release|Any CPU
		{E936AF3C-622A-4633-A609-B8C7AFDC23C3}.Release|x64.ActiveCfg = Release|x64
		{E936AF3C-622A-4633-A609-B8C7AFDC23C3}.Release|x64.Build.0 = Release|x64
	EndGlobalSection
	GlobalSection(SolutionProperties) = preSolution
		HideSolutionNode = FALSE
	EndGlobalSection
	GlobalSection(ExtensibilityGlobals) = postSolution
		SolutionGuid = {527A4176-C46B-4594-9D33-2B6B39C5A51C}
	EndGlobalSection
EndGlobal
